# THIS IS AN AUTOGENERATED FILE. DO NOT EDIT THIS FILE DIRECTLY.
# yarn lockfile v1


"@klaytn/contracts@1.0.2":
  version "1.0.2"
  resolved "https://registry.yarnpkg.com/@klaytn/contracts/-/contracts-1.0.2.tgz#c8210445e30468d5ccaad1d1fc2a805281478cfa"
  integrity sha512-4AxgM97HCdrRmiQ7gZVgvFZAoCglIEXLwITqqjierZbKqshkXOOJbw+jrD9tKjKQRkatTpcHlIE8Rk2ykQWQQA==
